
Microsoft Visual Studio Solution File, Format Version 12.00
# Visual Studio Version 16
VisualStudioVersion = 16.0.33027.164
MinimumVisualStudioVersion = 10.0.40219.1
Project("{FAE04EC0-301F-11D3-BF4B-00C04F79EFBC}") = "AddTwoNumbersCsharp", "AddTwoNumbersCsharp.csproj", "{93D14BF4-32F9-4C37-988F-32DE12F7E749}"
EndProject
Global
	GlobalSection(SolutionConfigurationPlatforms) = preSolution
		Debug|Any CPU = Debug|Any CPU
		Release|Any CPU = Release|Any CPU
	EndGlobalSection
	GlobalSection(ProjectConfigurationPlatforms) = postSolution
		{93D14BF4-32F9-4C37-988F-32DE12F7E749}.Debug|Any CPU.ActiveCfg = Debug|Any CPU
		{93D14BF4-32F9-4C37-988F-32DE12F7E749}.Debug|Any CPU.Build.0 = Debug|Any CPU
		{93D14BF4-32F9-4C37-988F-32DE12F7E749}.Release|Any CPU.ActiveCfg = Release|Any CPU
		{93D14BF4-32F9-4C37-988F-32DE12F7E749}.Release|Any CPU.Build.0 = Release|Any CPU
	EndGlobalSection
	GlobalSection(SolutionProperties) = preSolution
		HideSolutionNode = FALSE
	EndGlobalSection
	GlobalSection(ExtensibilityGlobals) = postSolution
		SolutionGuid = {0AB49792-08A8-4E47-AD83-FE359283C58B}
	EndGlobalSection
EndGlobal
